// !$*UTF8*$!
{
	archiveVersion = 1;
	classes = {
	};
	objectVersion = 52;
	objects = {

/* Begin PBXBuildFile section */
		218A28842609D8E9009CC7C7 /* GithubTestSwuftUIAppApp.swift in Sources */ = {isa = PBXBuildFile; fileRef = 218A28832609D8E9009CC7C7 /* GithubTestSwuftUIAppApp.swift */; };
		218A28862609D8E9009CC7C7 /* HomeView.swift in Sources */ = {isa = PBXBuildFile; fileRef = 218A28852609D8E9009CC7C7 /* HomeView.swift */; };
		218A28882609D8EC009CC7C7 /* Assets.xcassets in Resources */ = {isa = PBXBuildFile; fileRef = 218A28872609D8EC009CC7C7 /* Assets.xcassets */; };
		218A288B2609D8EC009CC7C7 /* Preview Assets.xcassets in Resources */ = {isa = PBXBuildFile; fileRef = 218A288A2609D8EC009CC7C7 /* Preview Assets.xcassets */; };
		218A28982609DD9A009CC7C7 /* FirstViewModel.swift in Sources */ = {isa = PBXBuildFile; fileRef = 218A28972609DD9A009CC7C7 /* FirstViewModel.swift */; };
		218A289C2609E662009CC7C7 /* GithubAPI in Frameworks */ = {isa = PBXBuildFile; productRef = 218A289B2609E662009CC7C7 /* GithubAPI */; };
		219F8E87260B0FF7002BBBC5 /* GithubManager.swift in Sources */ = {isa = PBXBuildFile; fileRef = 219F8E86260B0FF7002BBBC5 /* GithubManager.swift */; };
		219F8E95260B1709002BBBC5 /* ErrorView.swift in Sources */ = {isa = PBXBuildFile; fileRef = 219F8E94260B1709002BBBC5 /* ErrorView.swift */; };
		219F8ECA260B1C98002BBBC5 /* RepositoriesView.swift in Sources */ = {isa = PBXBuildFile; fileRef = 219F8EC9260B1C98002BBBC5 /* RepositoriesView.swift */; };
		219F8ECE260B1CA3002BBBC5 /* RepositoriesViewModel.swift in Sources */ = {isa = PBXBuildFile; fileRef = 219F8ECD260B1CA3002BBBC5 /* RepositoriesViewModel.swift */; };
		219F8ED7260B2331002BBBC5 /* URLImage in Frameworks */ = {isa = PBXBuildFile; productRef = 219F8ED6260B2331002BBBC5 /* URLImage */; };
		219F8EDB260B25E5002BBBC5 /* FindView.swift in Sources */ = {isa = PBXBuildFile; fileRef = 219F8EDA260B25E5002BBBC5 /* FindView.swift */; };
		219F8EDE260B25F2002BBBC5 /* FindViewModel.swift in Sources */ = {isa = PBXBuildFile; fileRef = 219F8EDD260B25F2002BBBC5 /* FindViewModel.swift */; };
		219F8F17260B4E93002BBBC5 /* AuthView.swift in Sources */ = {isa = PBXBuildFile; fileRef = 219F8F16260B4E93002BBBC5 /* AuthView.swift */; };
		219F8F1A260B4EA0002BBBC5 /* AuthViewModel.swift in Sources */ = {isa = PBXBuildFile; fileRef = 219F8F19260B4EA0002BBBC5 /* AuthViewModel.swift */; };
/* End PBXBuildFile section */

/* Begin PBXFileReference section */
		218A28802609D8E9009CC7C7 /* GithubTestSwuftUIApp.app */ = {isa = PBXFileReference; explicitFileType = wrapper.application; includeInIndex = 0; path = GithubTestSwuftUIApp.app; sourceTree = BUILT_PRODUCTS_DIR; };
		218A28832609D8E9009CC7C7 /* GithubTestSwuftUIAppApp.swift */ = {isa = PBXFileReference; lastKnownFileType = sourcecode.swift; path = GithubTestSwuftUIAppApp.swift; sourceTree = "<group>"; };
		218A28852609D8E9009CC7C7 /* HomeView.swift */ = {isa = PBXFileReference; lastKnownFileType = sourcecode.swift; path = HomeView.swift; sourceTree = "<group>"; };
		218A28872609D8EC009CC7C7 /* Assets.xcassets */ = {isa = PBXFileReference; lastKnownFileType = folder.assetcatalog; path = Assets.xcassets; sourceTree = "<group>"; };
		218A288A2609D8EC009CC7C7 /* Preview Assets.xcassets */ = {isa = PBXFileReference; lastKnownFileType = folder.assetcatalog; path = "Preview Assets.xcassets"; sourceTree = "<group>"; };
		218A288C2609D8EC009CC7C7 /* Info.plist */ = {isa = PBXFileReference; lastKnownFileType = text.plist.xml; path = Info.plist; sourceTree = "<group>"; };
		218A28972609DD9A009CC7C7 /* FirstViewModel.swift */ = {isa = PBXFileReference; lastKnownFileType = sourcecode.swift; path = FirstViewModel.swift; sourceTree = "<group>"; };
		219F8E86260B0FF7002BBBC5 /* GithubManager.swift */ = {isa = PBXFileReference; lastKnownFileType = sourcecode.swift; path = GithubManager.swift; sourceTree = "<group>"; };
		219F8E94260B1709002BBBC5 /* ErrorView.swift */ = {isa = PBXFileReference; lastKnownFileType = sourcecode.swift; path = ErrorView.swift; sourceTree = "<group>"; };
		219F8EC9260B1C98002BBBC5 /* RepositoriesView.swift */ = {isa = PBXFileReference; lastKnownFileType = sourcecode.swift; path = RepositoriesView.swift; sourceTree = "<group>"; };
		219F8ECD260B1CA3002BBBC5 /* RepositoriesViewModel.swift */ = {isa = PBXFileReference; lastKnownFileType = sourcecode.swift; path = RepositoriesViewModel.swift; sourceTree = "<group>"; };
		219F8EDA260B25E5002BBBC5 /* FindView.swift */ = {isa = PBXFileReference; lastKnownFileType = sourcecode.swift; path = FindView.swift; sourceTree = "<group>"; };
		219F8EDD260B25F2002BBBC5 /* FindViewModel.swift */ = {isa = PBXFileReference; lastKnownFileType = sourcecode.swift; path = FindViewModel.swift; sourceTree = "<group>"; };
		219F8F16260B4E93002BBBC5 /* AuthView.swift */ = {isa = PBXFileReference; lastKnownFileType = sourcecode.swift; path = AuthView.swift; sourceTree = "<group>"; };
		219F8F19260B4EA0002BBBC5 /* AuthViewModel.swift */ = {isa = PBXFileReference; lastKnownFileType = sourcecode.swift; path = AuthViewModel.swift; sourceTree = "<group>"; };
/* End PBXFileReference section */

/* Begin PBXFrameworksBuildPhase section */
		218A287D2609D8E9009CC7C7 /* Frameworks */ = {
			isa = PBXFrameworksBuildPhase;
			buildActionMask = 2147483647;
			files = (
				219F8ED7260B2331002BBBC5 /* URLImage in Frameworks */,
				218A289C2609E662009CC7C7 /* GithubAPI in Frameworks */,
			);
			runOnlyForDeploymentPostprocessing = 0;
		};
/* End PBXFrameworksBuildPhase section */

/* Begin PBXGroup section */
		218A28772609D8E9009CC7C7 = {
			isa = PBXGroup;
			children = (
				218A28822609D8E9009CC7C7 /* GithubTestSwuftUIApp */,
				218A28812609D8E9009CC7C7 /* Products */,
			);
			sourceTree = "<group>";
		};
		218A28812609D8E9009CC7C7 /* Products */ = {
			isa = PBXGroup;
			children = (
				218A28802609D8E9009CC7C7 /* GithubTestSwuftUIApp.app */,
			);
			name = Products;
			sourceTree = "<group>";
		};
		218A28822609D8E9009CC7C7 /* GithubTestSwuftUIApp */ = {
			isa = PBXGroup;
			children = (
				219F8E85260B0FE2002BBBC5 /* Managers */,
				219F8E84260B0F41002BBBC5 /* Scenes */,
				218A28832609D8E9009CC7C7 /* GithubTestSwuftUIAppApp.swift */,
				218A28872609D8EC009CC7C7 /* Assets.xcassets */,
				218A288C2609D8EC009CC7C7 /* Info.plist */,
				218A28892609D8EC009CC7C7 /* Preview Content */,
			);
			path = GithubTestSwuftUIApp;
			sourceTree = "<group>";
		};
		218A28892609D8EC009CC7C7 /* Preview Content */ = {
			isa = PBXGroup;
			children = (
				218A288A2609D8EC009CC7C7 /* Preview Assets.xcassets */,
			);
			path = "Preview Content";
			sourceTree = "<group>";
		};
		219F8E84260B0F41002BBBC5 /* Scenes */ = {
			isa = PBXGroup;
			children = (
				219F8F15260B4E84002BBBC5 /* Auth */,
				219F8ED9260B25D8002BBBC5 /* Find */,
				219F8EC8260B1C84002BBBC5 /* Repositories */,
				219F8E97260B1777002BBBC5 /* Home */,
				219F8E93260B16F7002BBBC5 /* Error */,
			);
			path = Scenes;
			sourceTree = "<group>";
		};
		219F8E85260B0FE2002BBBC5 /* Managers */ = {
			isa = PBXGroup;
			children = (
				219F8E86260B0FF7002BBBC5 /* GithubManager.swift */,
			);
			path = Managers;
			sourceTree = "<group>";
		};
		219F8E93260B16F7002BBBC5 /* Error */ = {
			isa = PBXGroup;
			children = (
				219F8E94260B1709002BBBC5 /* ErrorView.swift */,
			);
			path = Error;
			sourceTree = "<group>";
		};
		219F8E97260B1777002BBBC5 /* Home */ = {
			isa = PBXGroup;
			children = (
				218A28852609D8E9009CC7C7 /* HomeView.swift */,
				218A28972609DD9A009CC7C7 /* FirstViewModel.swift */,
			);
			path = Home;
			sourceTree = "<group>";
		};
		219F8EC8260B1C84002BBBC5 /* Repositories */ = {
			isa = PBXGroup;
			children = (
				219F8EC9260B1C98002BBBC5 /* RepositoriesView.swift */,
				219F8ECD260B1CA3002BBBC5 /* RepositoriesViewModel.swift */,
			);
			path = Repositories;
			sourceTree = "<group>";
		};
		219F8ED9260B25D8002BBBC5 /* Find */ = {
			isa = PBXGroup;
			children = (
				219F8EDA260B25E5002BBBC5 /* FindView.swift */,
				219F8EDD260B25F2002BBBC5 /* FindViewModel.swift */,
			);
			path = Find;
			sourceTree = "<group>";
		};
		219F8F15260B4E84002BBBC5 /* Auth */ = {
			isa = PBXGroup;
			children = (
				219F8F16260B4E93002BBBC5 /* AuthView.swift */,
				219F8F19260B4EA0002BBBC5 /* AuthViewModel.swift */,
			);
			path = Auth;
			sourceTree = "<group>";
		};
/* End PBXGroup section */

/* Begin PBXNativeTarget section */
		218A287F2609D8E9009CC7C7 /* GithubTestSwuftUIApp */ = {
			isa = PBXNativeTarget;
			buildConfigurationList = 218A288F2609D8EC009CC7C7 /* Build configuration list for PBXNativeTarget "GithubTestSwuftUIApp" */;
			buildPhases = (
				218A287C2609D8E9009CC7C7 /* Sources */,
				218A287D2609D8E9009CC7C7 /* Frameworks */,
				218A287E2609D8E9009CC7C7 /* Resources */,
			);
			buildRules = (
			);
			dependencies = (
			);
			name = GithubTestSwuftUIApp;
			packageProductDependencies = (
				218A289B2609E662009CC7C7 /* GithubAPI */,
				219F8ED6260B2331002BBBC5 /* URLImage */,
			);
			productName = GithubTestSwuftUIApp;
			productReference = 218A28802609D8E9009CC7C7 /* GithubTestSwuftUIApp.app */;
			productType = "com.apple.product-type.application";
		};
/* End PBXNativeTarget section */

/* Begin PBXProject section */
		218A28782609D8E9009CC7C7 /* Project object */ = {
			isa = PBXProject;
			attributes = {
				LastSwiftUpdateCheck = 1240;
				LastUpgradeCheck = 1240;
				TargetAttributes = {
					218A287F2609D8E9009CC7C7 = {
						CreatedOnToolsVersion = 12.4;
					};
				};
			};
			buildConfigurationList = 218A287B2609D8E9009CC7C7 /* Build configuration list for PBXProject "GithubTestSwuftUIApp" */;
			compatibilityVersion = "Xcode 9.3";
			developmentRegion = en;
			hasScannedForEncodings = 0;
			knownRegions = (
				en,
				Base,
			);
			mainGroup = 218A28772609D8E9009CC7C7;
			packageReferences = (
				218A289A2609E662009CC7C7 /* XCRemoteSwiftPackageReference "GithubAPI" */,
				219F8ED5260B2331002BBBC5 /* XCRemoteSwiftPackageReference "url-image" */,
			);
			productRefGroup = 218A28812609D8E9009CC7C7 /* Products */;
			projectDirPath = "";
			projectRoot = "";
			targets = (
				218A287F2609D8E9009CC7C7 /* GithubTestSwuftUIApp */,
			);
		};
/* End PBXProject section */

/* Begin PBXResourcesBuildPhase section */
		218A287E2609D8E9009CC7C7 /* Resources */ = {
			isa = PBXResourcesBuildPhase;
			buildActionMask = 2147483647;
			files = (
				218A288B2609D8EC009CC7C7 /* Preview Assets.xcassets in Resources */,
				218A28882609D8EC009CC7C7 /* Assets.xcassets in Resources */,
			);
			runOnlyForDeploymentPostprocessing = 0;
		};
/* End PBXResourcesBuildPhase section */

/* Begin PBXSourcesBuildPhase section */
		218A287C2609D8E9009CC7C7 /* Sources */ = {
			isa = PBXSourcesBuildPhase;
			buildActionMask = 2147483647;
			files = (
				219F8ECA260B1C98002BBBC5 /* RepositoriesView.swift in Sources */,
				219F8E87260B0FF7002BBBC5 /* GithubManager.swift in Sources */,
				219F8ECE260B1CA3002BBBC5 /* RepositoriesViewModel.swift in Sources */,
				218A28862609D8E9009CC7C7 /* HomeView.swift in Sources */,
				218A28982609DD9A009CC7C7 /* FirstViewModel.swift in Sources */,
				219F8EDE260B25F2002BBBC5 /* FindViewModel.swift in Sources */,
				219F8F17260B4E93002BBBC5 /* AuthView.swift in Sources */,
				219F8F1A260B4EA0002BBBC5 /* AuthViewModel.swift in Sources */,
				219F8EDB260B25E5002BBBC5 /* FindView.swift in Sources */,
				219F8E95260B1709002BBBC5 /* ErrorView.swift in Sources */,
				218A28842609D8E9009CC7C7 /* GithubTestSwuftUIAppApp.swift in Sources */,
			);
			runOnlyForDeploymentPostprocessing = 0;
		};
/* End PBXSourcesBuildPhase section */

/* Begin XCBuildConfiguration section */
		218A288D2609D8EC009CC7C7 /* Debug */ = {
			isa = XCBuildConfiguration;
			buildSettings = {
				ALWAYS_SEARCH_USER_PATHS = NO;
				CLANG_ANALYZER_NONNULL = YES;
				CLANG_ANALYZER_NUMBER_OBJECT_CONVERSION = YES_AGGRESSIVE;
				CLANG_CXX_LANGUAGE_STANDARD = "gnu++14";
				CLANG_CXX_LIBRARY = "libc++";
				CLANG_ENABLE_MODULES = YES;
				CLANG_ENABLE_OBJC_ARC = YES;
				CLANG_ENABLE_OBJC_WEAK = YES;
				CLANG_WARN_BLOCK_CAPTURE_AUTORELEASING = YES;
				CLANG_WARN_BOOL_CONVERSION = YES;
				CLANG_WARN_COMMA = YES;
				CLANG_WARN_CONSTANT_CONVERSION = YES;
				CLANG_WARN_DEPRECATED_OBJC_IMPLEMENTATIONS = YES;
				CLANG_WARN_DIRECT_OBJC_ISA_USAGE = YES_ERROR;
				CLANG_WARN_DOCUMENTATION_COMMENTS = YES;
				CLANG_WARN_EMPTY_BODY = YES;
				CLANG_WARN_ENUM_CONVERSION = YES;
				CLANG_WARN_INFINITE_RECURSION = YES;
				CLANG_WARN_INT_CONVERSION = YES;
				CLANG_WARN_NON_LITERAL_NULL_CONVERSION = YES;
				CLANG_WARN_OBJC_IMPLICIT_RETAIN_SELF = YES;
				CLANG_WARN_OBJC_LITERAL_CONVERSION = YES;
				CLANG_WARN_OBJC_ROOT_CLASS = YES_ERROR;
				CLANG_WARN_QUOTED_INCLUDE_IN_FRAMEWORK_HEADER = YES;
				CLANG_WARN_RANGE_LOOP_ANALYSIS = YES;
				CLANG_WARN_STRICT_PROTOTYPES = YES;
				CLANG_WARN_SUSPICIOUS_MOVE = YES;
				CLANG_WARN_UNGUARDED_AVAILABILITY = YES_AGGRESSIVE;
				CLANG_WARN_UNREACHABLE_CODE = YES;
				CLANG_WARN__DUPLICATE_METHOD_MATCH = YES;
				COPY_PHASE_STRIP = NO;
				DEBUG_INFORMATION_FORMAT = dwarf;
				ENABLE_STRICT_OBJC_MSGSEND = YES;
				ENABLE_TESTABILITY = YES;
				GCC_C_LANGUAGE_STANDARD = gnu11;
				GCC_DYNAMIC_NO_PIC = NO;
				GCC_NO_COMMON_BLOCKS = YES;
				GCC_OPTIMIZATION_LEVEL = 0;
				GCC_PREPROCESSOR_DEFINITIONS = (
					"DEBUG=1",
					"$(inherited)",
				);
				GCC_WARN_64_TO_32_BIT_CONVERSION = YES;
				GCC_WARN_ABOUT_RETURN_TYPE = YES_ERROR;
				GCC_WARN_UNDECLARED_SELECTOR = YES;
				GCC_WARN_UNINITIALIZED_AUTOS = YES_AGGRESSIVE;
				GCC_WARN_UNUSED_FUNCTION = YES;
				GCC_WARN_UNUSED_VARIABLE = YES;
				IPHONEOS_DEPLOYMENT_TARGET = 14.4;
				MTL_ENABLE_DEBUG_INFO = INCLUDE_SOURCE;
				MTL_FAST_MATH = YES;
				ONLY_ACTIVE_ARCH = YES;
				SDKROOT = iphoneos;
				SWIFT_ACTIVE_COMPILATION_CONDITIONS = DEBUG;
				SWIFT_OPTIMIZATION_LEVEL = "-Onone";
			};
			name = Debug;
		};
		218A288E2609D8EC009CC7C7 /* Release */ = {
			isa = XCBuildConfiguration;
			buildSettings = {
				ALWAYS_SEARCH_USER_PATHS = NO;
				CLANG_ANALYZER_NONNULL = YES;
				CLANG_ANALYZER_NUMBER_OBJECT_CONVERSION = YES_AGGRESSIVE;
				CLANG_CXX_LANGUAGE_STANDARD = "gnu++14";
				CLANG_CXX_LIBRARY = "libc++";
				CLANG_ENABLE_MODULES = YES;
				CLANG_ENABLE_OBJC_ARC = YES;
				CLANG_ENABLE_OBJC_WEAK = YES;
				CLANG_WARN_BLOCK_CAPTURE_AUTORELEASING = YES;
				CLANG_WARN_BOOL_CONVERSION = YES;
				CLANG_WARN_COMMA = YES;
				CLANG_WARN_CONSTANT_CONVERSION = YES;
				CLANG_WARN_DEPRECATED_OBJC_IMPLEMENTATIONS = YES;
				CLANG_WARN_DIRECT_OBJC_ISA_USAGE = YES_ERROR;
				CLANG_WARN_DOCUMENTATION_COMMENTS = YES;
				CLANG_WARN_EMPTY_BODY = YES;
				CLANG_WARN_ENUM_CONVERSION = YES;
				CLANG_WARN_INFINITE_RECURSION = YES;
				CLANG_WARN_INT_CONVERSION = YES;
				CLANG_WARN_NON_LITERAL_NULL_CONVERSION = YES;
				CLANG_WARN_OBJC_IMPLICIT_RETAIN_SELF = YES;
				CLANG_WARN_OBJC_LITERAL_CONVERSION = YES;
				CLANG_WARN_OBJC_ROOT_CLASS = YES_ERROR;
				CLANG_WARN_QUOTED_INCLUDE_IN_FRAMEWORK_HEADER = YES;
				CLANG_WARN_RANGE_LOOP_ANALYSIS = YES;
				CLANG_WARN_STRICT_PROTOTYPES = YES;
				CLANG_WARN_SUSPICIOUS_MOVE = YES;
				CLANG_WARN_UNGUARDED_AVAILABILITY = YES_AGGRESSIVE;
				CLANG_WARN_UNREACHABLE_CODE = YES;
				CLANG_WARN__DUPLICATE_METHOD_MATCH = YES;
				COPY_PHASE_STRIP = NO;
				DEBUG_INFORMATION_FORMAT = "dwarf-with-dsym";
				ENABLE_NS_ASSERTIONS = NO;
				ENABLE_STRICT_OBJC_MSGSEND = YES;
				GCC_C_LANGUAGE_STANDARD = gnu11;
				GCC_NO_COMMON_BLOCKS = YES;
				GCC_WARN_64_TO_32_BIT_CONVERSION = YES;
				GCC_WARN_ABOUT_RETURN_TYPE = YES_ERROR;
				GCC_WARN_UNDECLARED_SELECTOR = YES;
				GCC_WARN_UNINITIALIZED_AUTOS = YES_AGGRESSIVE;
				GCC_WARN_UNUSED_FUNCTION = YES;
				GCC_WARN_UNUSED_VARIABLE = YES;
				IPHONEOS_DEPLOYMENT_TARGET = 14.4;
				MTL_ENABLE_DEBUG_INFO = NO;
				MTL_FAST_MATH = YES;
				SDKROOT = iphoneos;
				SWIFT_COMPILATION_MODE = wholemodule;
				SWIFT_OPTIMIZATION_LEVEL = "-O";
				VALIDATE_PRODUCT = YES;
			};
			name = Release;
		};
		218A28902609D8EC009CC7C7 /* Debug */ = {
			isa = XCBuildConfiguration;
			buildSettings = {
				ASSETCATALOG_COMPILER_APPICON_NAME = AppIcon;
				ASSETCATALOG_COMPILER_GLOBAL_ACCENT_COLOR_NAME = AccentColor;
				CODE_SIGN_STYLE = Automatic;
				DEVELOPMENT_ASSET_PATHS = "\"GithubTestSwuftUIApp/Preview Content\"";
				DEVELOPMENT_TEAM = 274RF4F6D5;
				ENABLE_PREVIEWS = YES;
				INFOPLIST_FILE = GithubTestSwuftUIApp/Info.plist;
				IPHONEOS_DEPLOYMENT_TARGET = 14.0;
				LD_RUNPATH_SEARCH_PATHS = (
					"$(inherited)",
					"@executable_path/Frameworks",
				);
				PRODUCT_BUNDLE_IDENTIFIER = com.ChesnikovEngine.GithubTestSwuftUIApp;
				PRODUCT_NAME = "$(TARGET_NAME)";
				SWIFT_VERSION = 5.0;
				TARGETED_DEVICE_FAMILY = "1,2";
			};
			name = Debug;
		};
		218A28912609D8EC009CC7C7 /* Release */ = {
			isa = XCBuildConfiguration;
			buildSettings = {
				ASSETCATALOG_COMPILER_APPICON_NAME = AppIcon;
				ASSETCATALOG_COMPILER_GLOBAL_ACCENT_COLOR_NAME = AccentColor;
				CODE_SIGN_STYLE = Automatic;
				DEVELOPMENT_ASSET_PATHS = "\"GithubTestSwuftUIApp/Preview Content\"";
				DEVELOPMENT_TEAM = 274RF4F6D5;
				ENABLE_PREVIEWS = YES;
				INFOPLIST_FILE = GithubTestSwuftUIApp/Info.plist;
				IPHONEOS_DEPLOYMENT_TARGET = 14.0;
				LD_RUNPATH_SEARCH_PATHS = (
					"$(inherited)",
					"@executable_path/Frameworks",
				);
				PRODUCT_BUNDLE_IDENTIFIER = com.ChesnikovEngine.GithubTestSwuftUIApp;
				PRODUCT_NAME = "$(TARGET_NAME)";
				SWIFT_VERSION = 5.0;
				TARGETED_DEVICE_FAMILY = "1,2";
			};
			name = Release;
		};
/* End XCBuildConfiguration section */

/* Begin XCConfigurationList section */
		218A287B2609D8E9009CC7C7 /* Build configuration list for PBXProject "GithubTestSwuftUIApp" */ = {
			isa = XCConfigurationList;
			buildConfigurations = (
				218A288D2609D8EC009CC7C7 /* Debug */,
				218A288E2609D8EC009CC7C7 /* Release */,
			);
			defaultConfigurationIsVisible = 0;
			defaultConfigurationName = Release;
		};
		218A288F2609D8EC009CC7C7 /* Build configuration list for PBXNativeTarget "GithubTestSwuftUIApp" */ = {
			isa = XCConfigurationList;
			buildConfigurations = (
				218A28902609D8EC009CC7C7 /* Debug */,
				218A28912609D8EC009CC7C7 /* Release */,
			);
			defaultConfigurationIsVisible = 0;
			defaultConfigurationName = Release;
		};
/* End XCConfigurationList section */

/* Begin XCRemoteSwiftPackageReference section */
		218A289A2609E662009CC7C7 /* XCRemoteSwiftPackageReference "GithubAPI" */ = {
			isa = XCRemoteSwiftPackageReference;
			repositoryURL = "https://github.com/serhii-londar/GithubAPI";
			requirement = {
				kind = upToNextMajorVersion;
				minimumVersion = 0.0.10;
			};
		};
		219F8ED5260B2331002BBBC5 /* XCRemoteSwiftPackageReference "url-image" */ = {
			isa = XCRemoteSwiftPackageReference;
			repositoryURL = "https://github.com/dmytro-anokhin/url-image";
			requirement = {
				kind = upToNextMajorVersion;
				minimumVersion = 2.2.3;
			};
		};
/* End XCRemoteSwiftPackageReference section */

/* Begin XCSwiftPackageProductDependency section */
		218A289B2609E662009CC7C7 /* GithubAPI */ = {
			isa = XCSwiftPackageProductDependency;
			package = 218A289A2609E662009CC7C7 /* XCRemoteSwiftPackageReference "GithubAPI" */;
			productName = GithubAPI;
		};
		219F8ED6260B2331002BBBC5 /* URLImage */ = {
			isa = XCSwiftPackageProductDependency;
			package = 219F8ED5260B2331002BBBC5 /* XCRemoteSwiftPackageReference "url-image" */;
			productName = URLImage;
		};
/* End XCSwiftPackageProductDependency section */
	};
	rootObject = 218A28782609D8E9009CC7C7 /* Project object */;
}
